// !$*UTF8*$!
{
	archiveVersion = 1;
	classes = {
	};
	objectVersion = 51;
	objects = {

/* Begin PBXBuildFile section */
		2C221A5B258C90E20092A73E /* NetworkService.swift in Sources */ = {isa = PBXBuildFile; fileRef = 2C221A5A258C90E20092A73E /* NetworkService.swift */; };
		2C221A76258CA11E0092A73E /* SearchPresenter.swift in Sources */ = {isa = PBXBuildFile; fileRef = 2C221A6F258CA11E0092A73E /* SearchPresenter.swift */; };
		2C221A77258CA11E0092A73E /* SearchWorker.swift in Sources */ = {isa = PBXBuildFile; fileRef = 2C221A70258CA11E0092A73E /* SearchWorker.swift */; };
		2C221A78258CA11E0092A73E /* SearchRouter.swift in Sources */ = {isa = PBXBuildFile; fileRef = 2C221A71258CA11E0092A73E /* SearchRouter.swift */; };
		2C221A79258CA11E0092A73E /* SearchModels.swift in Sources */ = {isa = PBXBuildFile; fileRef = 2C221A72258CA11E0092A73E /* SearchModels.swift */; };
		2C221A7A258CA11E0092A73E /* SearchViewController.swift in Sources */ = {isa = PBXBuildFile; fileRef = 2C221A73258CA11E0092A73E /* SearchViewController.swift */; };
		2C221A7B258CA11E0092A73E /* SearchInteractor.swift in Sources */ = {isa = PBXBuildFile; fileRef = 2C221A74258CA11E0092A73E /* SearchInteractor.swift */; };
		2C221A7F258CA8F30092A73E /* SearchViewController.storyboard in Resources */ = {isa = PBXBuildFile; fileRef = 2C221A7E258CA8F30092A73E /* SearchViewController.storyboard */; };
		2C221A83258CABEE0092A73E /* UIViewController + Storyboard.swift in Sources */ = {isa = PBXBuildFile; fileRef = 2C221A82258CABEE0092A73E /* UIViewController + Storyboard.swift */; };
		2C68B0B1258BDACB00DC255C /* AppDelegate.swift in Sources */ = {isa = PBXBuildFile; fileRef = 2C68B0B0258BDACB00DC255C /* AppDelegate.swift */; };
		2C68B0B3258BDACB00DC255C /* SceneDelegate.swift in Sources */ = {isa = PBXBuildFile; fileRef = 2C68B0B2258BDACB00DC255C /* SceneDelegate.swift */; };
		2C68B0B5258BDACB00DC255C /* ViewController.swift in Sources */ = {isa = PBXBuildFile; fileRef = 2C68B0B4258BDACB00DC255C /* ViewController.swift */; };
		2C68B0B8258BDACB00DC255C /* Main.storyboard in Resources */ = {isa = PBXBuildFile; fileRef = 2C68B0B6258BDACB00DC255C /* Main.storyboard */; };
		2C68B0BA258BDACE00DC255C /* Assets.xcassets in Resources */ = {isa = PBXBuildFile; fileRef = 2C68B0B9258BDACE00DC255C /* Assets.xcassets */; };
		2C68B0BD258BDACE00DC255C /* LaunchScreen.storyboard in Resources */ = {isa = PBXBuildFile; fileRef = 2C68B0BB258BDACE00DC255C /* LaunchScreen.storyboard */; };
		2C68B0C6258BDB3C00DC255C /* MainTabBarController.swift in Sources */ = {isa = PBXBuildFile; fileRef = 2C68B0C5258BDB3C00DC255C /* MainTabBarController.swift */; };
		2C68B0C9258BDEE500DC255C /* SearchMusicViewController.swift in Sources */ = {isa = PBXBuildFile; fileRef = 2C68B0C8258BDEE500DC255C /* SearchMusicViewController.swift */; };
		2C68B0E0258C112500DC255C /* SearchResponse.swift in Sources */ = {isa = PBXBuildFile; fileRef = 2C68B0DF258C112500DC255C /* SearchResponse.swift */; };
		2C7786392593C14500D4BBDD /* Nib.swift in Sources */ = {isa = PBXBuildFile; fileRef = 2C7786382593C14500D4BBDD /* Nib.swift */; };
		2C8DE37E258FF4CD00FD85A2 /* CMTime + Extension.swift in Sources */ = {isa = PBXBuildFile; fileRef = 2C8DE37D258FF4CD00FD85A2 /* CMTime + Extension.swift */; };
		2CFB9683258E35AB00371E5E /* TrackCell.xib in Resources */ = {isa = PBXBuildFile; fileRef = 2CFB9682258E35AB00371E5E /* TrackCell.xib */; };
		2CFB9686258E35D900371E5E /* TrackCell.swift in Sources */ = {isa = PBXBuildFile; fileRef = 2CFB9685258E35D900371E5E /* TrackCell.swift */; };
		2CFB9695258E951900371E5E /* FooterView.swift in Sources */ = {isa = PBXBuildFile; fileRef = 2CFB9694258E951900371E5E /* FooterView.swift */; };
		2CFB9699258EA44300371E5E /* TrackDetailView.xib in Resources */ = {isa = PBXBuildFile; fileRef = 2CFB9698258EA44300371E5E /* TrackDetailView.xib */; };
		2CFB969C258EA45400371E5E /* TrackDetailView.swift in Sources */ = {isa = PBXBuildFile; fileRef = 2CFB969B258EA45400371E5E /* TrackDetailView.swift */; };
		FE84A845E6319C0CB3103EA3 /* Pods_Music.framework in Frameworks */ = {isa = PBXBuildFile; fileRef = 0CEBF57273180EA836D5E821 /* Pods_Music.framework */; };
/* End PBXBuildFile section */

/* Begin PBXFileReference section */
		0CEBF57273180EA836D5E821 /* Pods_Music.framework */ = {isa = PBXFileReference; explicitFileType = wrapper.framework; includeInIndex = 0; path = Pods_Music.framework; sourceTree = BUILT_PRODUCTS_DIR; };
		2C221A5A258C90E20092A73E /* NetworkService.swift */ = {isa = PBXFileReference; lastKnownFileType = sourcecode.swift; path = NetworkService.swift; sourceTree = "<group>"; };
		2C221A6F258CA11E0092A73E /* SearchPresenter.swift */ = {isa = PBXFileReference; lastKnownFileType = sourcecode.swift; path = SearchPresenter.swift; sourceTree = "<group>"; };
		2C221A70258CA11E0092A73E /* SearchWorker.swift */ = {isa = PBXFileReference; lastKnownFileType = sourcecode.swift; path = SearchWorker.swift; sourceTree = "<group>"; };
		2C221A71258CA11E0092A73E /* SearchRouter.swift */ = {isa = PBXFileReference; lastKnownFileType = sourcecode.swift; path = SearchRouter.swift; sourceTree = "<group>"; };
		2C221A72258CA11E0092A73E /* SearchModels.swift */ = {isa = PBXFileReference; lastKnownFileType = sourcecode.swift; path = SearchModels.swift; sourceTree = "<group>"; };
		2C221A73258CA11E0092A73E /* SearchViewController.swift */ = {isa = PBXFileReference; lastKnownFileType = sourcecode.swift; path = SearchViewController.swift; sourceTree = "<group>"; };
		2C221A74258CA11E0092A73E /* SearchInteractor.swift */ = {isa = PBXFileReference; lastKnownFileType = sourcecode.swift; path = SearchInteractor.swift; sourceTree = "<group>"; };
		2C221A7E258CA8F30092A73E /* SearchViewController.storyboard */ = {isa = PBXFileReference; lastKnownFileType = file.storyboard; path = SearchViewController.storyboard; sourceTree = "<group>"; };
		2C221A82258CABEE0092A73E /* UIViewController + Storyboard.swift */ = {isa = PBXFileReference; lastKnownFileType = sourcecode.swift; path = "UIViewController + Storyboard.swift"; sourceTree = "<group>"; };
		2C68B0AD258BDACB00DC255C /* Music.app */ = {isa = PBXFileReference; explicitFileType = wrapper.application; includeInIndex = 0; path = Music.app; sourceTree = BUILT_PRODUCTS_DIR; };
		2C68B0B0258BDACB00DC255C /* AppDelegate.swift */ = {isa = PBXFileReference; lastKnownFileType = sourcecode.swift; path = AppDelegate.swift; sourceTree = "<group>"; };
		2C68B0B2258BDACB00DC255C /* SceneDelegate.swift */ = {isa = PBXFileReference; lastKnownFileType = sourcecode.swift; path = SceneDelegate.swift; sourceTree = "<group>"; };
		2C68B0B4258BDACB00DC255C /* ViewController.swift */ = {isa = PBXFileReference; lastKnownFileType = sourcecode.swift; path = ViewController.swift; sourceTree = "<group>"; };
		2C68B0B7258BDACB00DC255C /* Base */ = {isa = PBXFileReference; lastKnownFileType = file.storyboard; name = Base; path = Base.lproj/Main.storyboard; sourceTree = "<group>"; };
		2C68B0B9258BDACE00DC255C /* Assets.xcassets */ = {isa = PBXFileReference; lastKnownFileType = folder.assetcatalog; path = Assets.xcassets; sourceTree = "<group>"; };
		2C68B0BC258BDACE00DC255C /* Base */ = {isa = PBXFileReference; lastKnownFileType = file.storyboard; name = Base; path = Base.lproj/LaunchScreen.storyboard; sourceTree = "<group>"; };
		2C68B0BE258BDACE00DC255C /* Info.plist */ = {isa = PBXFileReference; lastKnownFileType = text.plist.xml; path = Info.plist; sourceTree = "<group>"; };
		2C68B0C5258BDB3C00DC255C /* MainTabBarController.swift */ = {isa = PBXFileReference; lastKnownFileType = sourcecode.swift; path = MainTabBarController.swift; sourceTree = "<group>"; };
		2C68B0C8258BDEE500DC255C /* SearchMusicViewController.swift */ = {isa = PBXFileReference; lastKnownFileType = sourcecode.swift; path = SearchMusicViewController.swift; sourceTree = "<group>"; };
		2C68B0DF258C112500DC255C /* SearchResponse.swift */ = {isa = PBXFileReference; lastKnownFileType = sourcecode.swift; path = SearchResponse.swift; sourceTree = "<group>"; };
		2C7786382593C14500D4BBDD /* Nib.swift */ = {isa = PBXFileReference; lastKnownFileType = sourcecode.swift; path = Nib.swift; sourceTree = "<group>"; };
		2C8DE37D258FF4CD00FD85A2 /* CMTime + Extension.swift */ = {isa = PBXFileReference; lastKnownFileType = sourcecode.swift; path = "CMTime + Extension.swift"; sourceTree = "<group>"; };
		2CFB9682258E35AB00371E5E /* TrackCell.xib */ = {isa = PBXFileReference; lastKnownFileType = file.xib; path = TrackCell.xib; sourceTree = "<group>"; };
		2CFB9685258E35D900371E5E /* TrackCell.swift */ = {isa = PBXFileReference; lastKnownFileType = sourcecode.swift; path = TrackCell.swift; sourceTree = "<group>"; };
		2CFB9694258E951900371E5E /* FooterView.swift */ = {isa = PBXFileReference; lastKnownFileType = sourcecode.swift; path = FooterView.swift; sourceTree = "<group>"; };
		2CFB9698258EA44300371E5E /* TrackDetailView.xib */ = {isa = PBXFileReference; lastKnownFileType = file.xib; path = TrackDetailView.xib; sourceTree = "<group>"; };
		2CFB969B258EA45400371E5E /* TrackDetailView.swift */ = {isa = PBXFileReference; lastKnownFileType = sourcecode.swift; path = TrackDetailView.swift; sourceTree = "<group>"; };
		94CC219A47CC6B5F0E317C05 /* Pods-Music.release.xcconfig */ = {isa = PBXFileReference; includeInIndex = 1; lastKnownFileType = text.xcconfig; name = "Pods-Music.release.xcconfig"; path = "Target Support Files/Pods-Music/Pods-Music.release.xcconfig"; sourceTree = "<group>"; };
		9E68FEB6B398D5465BDF233F /* Pods-Music.debug.xcconfig */ = {isa = PBXFileReference; includeInIndex = 1; lastKnownFileType = text.xcconfig; name = "Pods-Music.debug.xcconfig"; path = "Target Support Files/Pods-Music/Pods-Music.debug.xcconfig"; sourceTree = "<group>"; };
/* End PBXFileReference section */

/* Begin PBXFrameworksBuildPhase section */
		2C68B0AA258BDACB00DC255C /* Frameworks */ = {
			isa = PBXFrameworksBuildPhase;
			buildActionMask = 2147483647;
			files = (
				FE84A845E6319C0CB3103EA3 /* Pods_Music.framework in Frameworks */,
			);
			runOnlyForDeploymentPostprocessing = 0;
		};
/* End PBXFrameworksBuildPhase section */

/* Begin PBXGroup section */
		2C221A5D258C9F730092A73E /* Search */ = {
			isa = PBXGroup;
			children = (
				2CFB9697258EA40400371E5E /* TrackDetailView */,
				2CFB9692258E94ED00371E5E /* Footer View */,
				2CFB9681258E358700371E5E /* Cell */,
				2C221A7E258CA8F30092A73E /* SearchViewController.storyboard */,
				2C221A73258CA11E0092A73E /* SearchViewController.swift */,
				2C221A74258CA11E0092A73E /* SearchInteractor.swift */,
				2C221A6F258CA11E0092A73E /* SearchPresenter.swift */,
				2C221A72258CA11E0092A73E /* SearchModels.swift */,
				2C221A70258CA11E0092A73E /* SearchWorker.swift */,
				2C221A71258CA11E0092A73E /* SearchRouter.swift */,
			);
			path = Search;
			sourceTree = "<group>";
		};
		2C221A6D258CA01F0092A73E /* Services */ = {
			isa = PBXGroup;
			children = (
				2CFB9688258E5A9400371E5E /* Models */,
				2C221A5A258C90E20092A73E /* NetworkService.swift */,
			);
			path = Services;
			sourceTree = "<group>";
		};
		2C221A85258CAC070092A73E /* Helpers */ = {
			isa = PBXGroup;
			children = (
				2C221A82258CABEE0092A73E /* UIViewController + Storyboard.swift */,
				2C8DE37D258FF4CD00FD85A2 /* CMTime + Extension.swift */,
				2C7786382593C14500D4BBDD /* Nib.swift */,
			);
			path = Helpers;
			sourceTree = "<group>";
		};
		2C68B0A4258BDACB00DC255C = {
			isa = PBXGroup;
			children = (
				2C68B0AF258BDACB00DC255C /* Music */,
				2C68B0AE258BDACB00DC255C /* Products */,
				BAE3765F16F63FE6623D763E /* Pods */,
				8A92F9256FF46DCA220B0B2B /* Frameworks */,
			);
			sourceTree = "<group>";
		};
		2C68B0AE258BDACB00DC255C /* Products */ = {
			isa = PBXGroup;
			children = (
				2C68B0AD258BDACB00DC255C /* Music.app */,
			);
			name = Products;
			sourceTree = "<group>";
		};
		2C68B0AF258BDACB00DC255C /* Music */ = {
			isa = PBXGroup;
			children = (
				2C68B0B0258BDACB00DC255C /* AppDelegate.swift */,
				2C68B0B2258BDACB00DC255C /* SceneDelegate.swift */,
				2C221A6D258CA01F0092A73E /* Services */,
				2C68B0C5258BDB3C00DC255C /* MainTabBarController.swift */,
				2C221A5D258C9F730092A73E /* Search */,
				2C68B0C8258BDEE500DC255C /* SearchMusicViewController.swift */,
				2C68B0B4258BDACB00DC255C /* ViewController.swift */,
				2C221A85258CAC070092A73E /* Helpers */,
				2C68B0B6258BDACB00DC255C /* Main.storyboard */,
				2C68B0B9258BDACE00DC255C /* Assets.xcassets */,
				2C68B0BB258BDACE00DC255C /* LaunchScreen.storyboard */,
				2C68B0BE258BDACE00DC255C /* Info.plist */,
			);
			path = Music;
			sourceTree = "<group>";
		};
		2CFB9681258E358700371E5E /* Cell */ = {
			isa = PBXGroup;
			children = (
				2CFB9682258E35AB00371E5E /* TrackCell.xib */,
				2CFB9685258E35D900371E5E /* TrackCell.swift */,
			);
			path = Cell;
			sourceTree = "<group>";
		};
		2CFB9688258E5A9400371E5E /* Models */ = {
			isa = PBXGroup;
			children = (
				2C68B0DF258C112500DC255C /* SearchResponse.swift */,
			);
			path = Models;
			sourceTree = "<group>";
		};
		2CFB9692258E94ED00371E5E /* Footer View */ = {
			isa = PBXGroup;
			children = (
				2CFB9694258E951900371E5E /* FooterView.swift */,
			);
			path = "Footer View";
			sourceTree = "<group>";
		};
		2CFB9697258EA40400371E5E /* TrackDetailView */ = {
			isa = PBXGroup;
			children = (
				2CFB9698258EA44300371E5E /* TrackDetailView.xib */,
				2CFB969B258EA45400371E5E /* TrackDetailView.swift */,
			);
			path = TrackDetailView;
			sourceTree = "<group>";
		};
		8A92F9256FF46DCA220B0B2B /* Frameworks */ = {
			isa = PBXGroup;
			children = (
				0CEBF57273180EA836D5E821 /* Pods_Music.framework */,
			);
			name = Frameworks;
			sourceTree = "<group>";
		};
		BAE3765F16F63FE6623D763E /* Pods */ = {
			isa = PBXGroup;
			children = (
				9E68FEB6B398D5465BDF233F /* Pods-Music.debug.xcconfig */,
				94CC219A47CC6B5F0E317C05 /* Pods-Music.release.xcconfig */,
			);
			path = Pods;
			sourceTree = "<group>";
		};
/* End PBXGroup section */

/* Begin PBXNativeTarget section */
		2C68B0AC258BDACB00DC255C /* Music */ = {
			isa = PBXNativeTarget;
			buildConfigurationList = 2C68B0C1258BDACE00DC255C /* Build configuration list for PBXNativeTarget "Music" */;
			buildPhases = (
				3119C2FA1752E001B7B60410 /* [CP] Check Pods Manifest.lock */,
				2C68B0A9258BDACB00DC255C /* Sources */,
				2C68B0AA258BDACB00DC255C /* Frameworks */,
				2C68B0AB258BDACB00DC255C /* Resources */,
				DE3A34FDF1556676BC49D4D6 /* [CP] Embed Pods Frameworks */,
			);
			buildRules = (
			);
			dependencies = (
			);
			name = Music;
			productName = Music;
			productReference = 2C68B0AD258BDACB00DC255C /* Music.app */;
			productType = "com.apple.product-type.application";
		};
/* End PBXNativeTarget section */

/* Begin PBXProject section */
		2C68B0A5258BDACB00DC255C /* Project object */ = {
			isa = PBXProject;
			attributes = {
				LastSwiftUpdateCheck = 1210;
				LastUpgradeCheck = 1210;
				TargetAttributes = {
					2C68B0AC258BDACB00DC255C = {
						CreatedOnToolsVersion = 12.1;
					};
				};
			};
			buildConfigurationList = 2C68B0A8258BDACB00DC255C /* Build configuration list for PBXProject "Music" */;
			compatibilityVersion = "Xcode 9.3";
			developmentRegion = en;
			hasScannedForEncodings = 0;
			knownRegions = (
				en,
				Base,
			);
			mainGroup = 2C68B0A4258BDACB00DC255C;
			productRefGroup = 2C68B0AE258BDACB00DC255C /* Products */;
			projectDirPath = "";
			projectRoot = "";
			targets = (
				2C68B0AC258BDACB00DC255C /* Music */,
			);
		};
/* End PBXProject section */

/* Begin PBXResourcesBuildPhase section */
		2C68B0AB258BDACB00DC255C /* Resources */ = {
			isa = PBXResourcesBuildPhase;
			buildActionMask = 2147483647;
			files = (
				2C68B0BD258BDACE00DC255C /* LaunchScreen.storyboard in Resources */,
				2CFB9699258EA44300371E5E /* TrackDetailView.xib in Resources */,
				2CFB9683258E35AB00371E5E /* TrackCell.xib in Resources */,
				2C68B0BA258BDACE00DC255C /* Assets.xcassets in Resources */,
				2C221A7F258CA8F30092A73E /* SearchViewController.storyboard in Resources */,
				2C68B0B8258BDACB00DC255C /* Main.storyboard in Resources */,
			);
			runOnlyForDeploymentPostprocessing = 0;
		};
/* End PBXResourcesBuildPhase section */

/* Begin PBXShellScriptBuildPhase section */
		3119C2FA1752E001B7B60410 /* [CP] Check Pods Manifest.lock */ = {
			isa = PBXShellScriptBuildPhase;
			buildActionMask = 2147483647;
			files = (
			);
			inputFileListPaths = (
			);
			inputPaths = (
				"${PODS_PODFILE_DIR_PATH}/Podfile.lock",
				"${PODS_ROOT}/Manifest.lock",
			);
			name = "[CP] Check Pods Manifest.lock";
			outputFileListPaths = (
			);
			outputPaths = (
				"$(DERIVED_FILE_DIR)/Pods-Music-checkManifestLockResult.txt",
			);
			runOnlyForDeploymentPostprocessing = 0;
			shellPath = /bin/sh;
			shellScript = "diff \"${PODS_PODFILE_DIR_PATH}/Podfile.lock\" \"${PODS_ROOT}/Manifest.lock\" > /dev/null\nif [ $? != 0 ] ; then\n    # print error to STDERR\n    echo \"error: The sandbox is not in sync with the Podfile.lock. Run 'pod install' or update your CocoaPods installation.\" >&2\n    exit 1\nfi\n# This output is used by Xcode 'outputs' to avoid re-running this script phase.\necho \"SUCCESS\" > \"${SCRIPT_OUTPUT_FILE_0}\"\n";
			showEnvVarsInLog = 0;
		};
		DE3A34FDF1556676BC49D4D6 /* [CP] Embed Pods Frameworks */ = {
			isa = PBXShellScriptBuildPhase;
			buildActionMask = 2147483647;
			files = (
			);
			inputFileListPaths = (
				"${PODS_ROOT}/Target Support Files/Pods-Music/Pods-Music-frameworks-${CONFIGURATION}-input-files.xcfilelist",
			);
			name = "[CP] Embed Pods Frameworks";
			outputFileListPaths = (
				"${PODS_ROOT}/Target Support Files/Pods-Music/Pods-Music-frameworks-${CONFIGURATION}-output-files.xcfilelist",
			);
			runOnlyForDeploymentPostprocessing = 0;
			shellPath = /bin/sh;
			shellScript = "\"${PODS_ROOT}/Target Support Files/Pods-Music/Pods-Music-frameworks.sh\"\n";
			showEnvVarsInLog = 0;
		};
/* End PBXShellScriptBuildPhase section */

/* Begin PBXSourcesBuildPhase section */
		2C68B0A9258BDACB00DC255C /* Sources */ = {
			isa = PBXSourcesBuildPhase;
			buildActionMask = 2147483647;
			files = (
				2C68B0C9258BDEE500DC255C /* SearchMusicViewController.swift in Sources */,
				2C221A83258CABEE0092A73E /* UIViewController + Storyboard.swift in Sources */,
				2C68B0B5258BDACB00DC255C /* ViewController.swift in Sources */,
				2C68B0E0258C112500DC255C /* SearchResponse.swift in Sources */,
				2C221A7B258CA11E0092A73E /* SearchInteractor.swift in Sources */,
				2CFB9695258E951900371E5E /* FooterView.swift in Sources */,
				2C8DE37E258FF4CD00FD85A2 /* CMTime + Extension.swift in Sources */,
				2CFB9686258E35D900371E5E /* TrackCell.swift in Sources */,
				2C7786392593C14500D4BBDD /* Nib.swift in Sources */,
				2C68B0B1258BDACB00DC255C /* AppDelegate.swift in Sources */,
				2C68B0C6258BDB3C00DC255C /* MainTabBarController.swift in Sources */,
				2C221A77258CA11E0092A73E /* SearchWorker.swift in Sources */,
				2C221A7A258CA11E0092A73E /* SearchViewController.swift in Sources */,
				2C221A78258CA11E0092A73E /* SearchRouter.swift in Sources */,
				2C221A79258CA11E0092A73E /* SearchModels.swift in Sources */,
				2C68B0B3258BDACB00DC255C /* SceneDelegate.swift in Sources */,
				2C221A76258CA11E0092A73E /* SearchPresenter.swift in Sources */,
				2CFB969C258EA45400371E5E /* TrackDetailView.swift in Sources */,
				2C221A5B258C90E20092A73E /* NetworkService.swift in Sources */,
			);
			runOnlyForDeploymentPostprocessing = 0;
		};
/* End PBXSourcesBuildPhase section */

/* Begin PBXVariantGroup section */
		2C68B0B6258BDACB00DC255C /* Main.storyboard */ = {
			isa = PBXVariantGroup;
			children = (
				2C68B0B7258BDACB00DC255C /* Base */,
			);
			name = Main.storyboard;
			sourceTree = "<group>";
		};
		2C68B0BB258BDACE00DC255C /* LaunchScreen.storyboard */ = {
			isa = PBXVariantGroup;
			children = (
				2C68B0BC258BDACE00DC255C /* Base */,
			);
			name = LaunchScreen.storyboard;
			sourceTree = "<group>";
		};
/* End PBXVariantGroup section */

/* Begin XCBuildConfiguration section */
		2C68B0BF258BDACE00DC255C /* Debug */ = {
			isa = XCBuildConfiguration;
			buildSettings = {
				ALWAYS_SEARCH_USER_PATHS = NO;
				CLANG_ANALYZER_NONNULL = YES;
				CLANG_ANALYZER_NUMBER_OBJECT_CONVERSION = YES_AGGRESSIVE;
				CLANG_CXX_LANGUAGE_STANDARD = "gnu++14";
				CLANG_CXX_LIBRARY = "libc++";
				CLANG_ENABLE_MODULES = YES;
				CLANG_ENABLE_OBJC_ARC = YES;
				CLANG_ENABLE_OBJC_WEAK = YES;
				CLANG_WARN_BLOCK_CAPTURE_AUTORELEASING = YES;
				CLANG_WARN_BOOL_CONVERSION = YES;
				CLANG_WARN_COMMA = YES;
				CLANG_WARN_CONSTANT_CONVERSION = YES;
				CLANG_WARN_DEPRECATED_OBJC_IMPLEMENTATIONS = YES;
				CLANG_WARN_DIRECT_OBJC_ISA_USAGE = YES_ERROR;
				CLANG_WARN_DOCUMENTATION_COMMENTS = YES;
				CLANG_WARN_EMPTY_BODY = YES;
				CLANG_WARN_ENUM_CONVERSION = YES;
				CLANG_WARN_INFINITE_RECURSION = YES;
				CLANG_WARN_INT_CONVERSION = YES;
				CLANG_WARN_NON_LITERAL_NULL_CONVERSION = YES;
				CLANG_WARN_OBJC_IMPLICIT_RETAIN_SELF = YES;
				CLANG_WARN_OBJC_LITERAL_CONVERSION = YES;
				CLANG_WARN_OBJC_ROOT_CLASS = YES_ERROR;
				CLANG_WARN_QUOTED_INCLUDE_IN_FRAMEWORK_HEADER = YES;
				CLANG_WARN_RANGE_LOOP_ANALYSIS = YES;
				CLANG_WARN_STRICT_PROTOTYPES = YES;
				CLANG_WARN_SUSPICIOUS_MOVE = YES;
				CLANG_WARN_UNGUARDED_AVAILABILITY = YES_AGGRESSIVE;
				CLANG_WARN_UNREACHABLE_CODE = YES;
				CLANG_WARN__DUPLICATE_METHOD_MATCH = YES;
				COPY_PHASE_STRIP = NO;
				DEBUG_INFORMATION_FORMAT = dwarf;
				ENABLE_STRICT_OBJC_MSGSEND = YES;
				ENABLE_TESTABILITY = YES;
				GCC_C_LANGUAGE_STANDARD = gnu11;
				GCC_DYNAMIC_NO_PIC = NO;
				GCC_NO_COMMON_BLOCKS = YES;
				GCC_OPTIMIZATION_LEVEL = 0;
				GCC_PREPROCESSOR_DEFINITIONS = (
					"DEBUG=1",
					"$(inherited)",
				);
				GCC_WARN_64_TO_32_BIT_CONVERSION = YES;
				GCC_WARN_ABOUT_RETURN_TYPE = YES_ERROR;
				GCC_WARN_UNDECLARED_SELECTOR = YES;
				GCC_WARN_UNINITIALIZED_AUTOS = YES_AGGRESSIVE;
				GCC_WARN_UNUSED_FUNCTION = YES;
				GCC_WARN_UNUSED_VARIABLE = YES;
				IPHONEOS_DEPLOYMENT_TARGET = 14.1;
				MTL_ENABLE_DEBUG_INFO = INCLUDE_SOURCE;
				MTL_FAST_MATH = YES;
				ONLY_ACTIVE_ARCH = YES;
				SDKROOT = iphoneos;
				SWIFT_ACTIVE_COMPILATION_CONDITIONS = DEBUG;
				SWIFT_OPTIMIZATION_LEVEL = "-Onone";
			};
			name = Debug;
		};
		2C68B0C0258BDACE00DC255C /* Release */ = {
			isa = XCBuildConfiguration;
			buildSettings = {
				ALWAYS_SEARCH_USER_PATHS = NO;
				CLANG_ANALYZER_NONNULL = YES;
				CLANG_ANALYZER_NUMBER_OBJECT_CONVERSION = YES_AGGRESSIVE;
				CLANG_CXX_LANGUAGE_STANDARD = "gnu++14";
				CLANG_CXX_LIBRARY = "libc++";
				CLANG_ENABLE_MODULES = YES;
				CLANG_ENABLE_OBJC_ARC = YES;
				CLANG_ENABLE_OBJC_WEAK = YES;
				CLANG_WARN_BLOCK_CAPTURE_AUTORELEASING = YES;
				CLANG_WARN_BOOL_CONVERSION = YES;
				CLANG_WARN_COMMA = YES;
				CLANG_WARN_CONSTANT_CONVERSION = YES;
				CLANG_WARN_DEPRECATED_OBJC_IMPLEMENTATIONS = YES;
				CLANG_WARN_DIRECT_OBJC_ISA_USAGE = YES_ERROR;
				CLANG_WARN_DOCUMENTATION_COMMENTS = YES;
				CLANG_WARN_EMPTY_BODY = YES;
				CLANG_WARN_ENUM_CONVERSION = YES;
				CLANG_WARN_INFINITE_RECURSION = YES;
				CLANG_WARN_INT_CONVERSION = YES;
				CLANG_WARN_NON_LITERAL_NULL_CONVERSION = YES;
				CLANG_WARN_OBJC_IMPLICIT_RETAIN_SELF = YES;
				CLANG_WARN_OBJC_LITERAL_CONVERSION = YES;
				CLANG_WARN_OBJC_ROOT_CLASS = YES_ERROR;
				CLANG_WARN_QUOTED_INCLUDE_IN_FRAMEWORK_HEADER = YES;
				CLANG_WARN_RANGE_LOOP_ANALYSIS = YES;
				CLANG_WARN_STRICT_PROTOTYPES = YES;
				CLANG_WARN_SUSPICIOUS_MOVE = YES;
				CLANG_WARN_UNGUARDED_AVAILABILITY = YES_AGGRESSIVE;
				CLANG_WARN_UNREACHABLE_CODE = YES;
				CLANG_WARN__DUPLICATE_METHOD_MATCH = YES;
				COPY_PHASE_STRIP = NO;
				DEBUG_INFORMATION_FORMAT = "dwarf-with-dsym";
				ENABLE_NS_ASSERTIONS = NO;
				ENABLE_STRICT_OBJC_MSGSEND = YES;
				GCC_C_LANGUAGE_STANDARD = gnu11;
				GCC_NO_COMMON_BLOCKS = YES;
				GCC_WARN_64_TO_32_BIT_CONVERSION = YES;
				GCC_WARN_ABOUT_RETURN_TYPE = YES_ERROR;
				GCC_WARN_UNDECLARED_SELECTOR = YES;
				GCC_WARN_UNINITIALIZED_AUTOS = YES_AGGRESSIVE;
				GCC_WARN_UNUSED_FUNCTION = YES;
				GCC_WARN_UNUSED_VARIABLE = YES;
				IPHONEOS_DEPLOYMENT_TARGET = 14.1;
				MTL_ENABLE_DEBUG_INFO = NO;
				MTL_FAST_MATH = YES;
				SDKROOT = iphoneos;
				SWIFT_COMPILATION_MODE = wholemodule;
				SWIFT_OPTIMIZATION_LEVEL = "-O";
				VALIDATE_PRODUCT = YES;
			};
			name = Release;
		};
		2C68B0C2258BDACE00DC255C /* Debug */ = {
			isa = XCBuildConfiguration;
			baseConfigurationReference = 9E68FEB6B398D5465BDF233F /* Pods-Music.debug.xcconfig */;
			buildSettings = {
				ASSETCATALOG_COMPILER_APPICON_NAME = AppIcon;
				ASSETCATALOG_COMPILER_GLOBAL_ACCENT_COLOR_NAME = AccentColor;
				CODE_SIGN_STYLE = Automatic;
				DEVELOPMENT_TEAM = BPVMHP7QWP;
				INFOPLIST_FILE = Music/Info.plist;
				IPHONEOS_DEPLOYMENT_TARGET = 13.0;
				LD_RUNPATH_SEARCH_PATHS = (
					"$(inherited)",
					"@executable_path/Frameworks",
				);
				PRODUCT_BUNDLE_IDENTIFIER = ivan.Music;
				PRODUCT_NAME = "$(TARGET_NAME)";
				SWIFT_VERSION = 5.0;
				TARGETED_DEVICE_FAMILY = 1;
			};
			name = Debug;
		};
		2C68B0C3258BDACE00DC255C /* Release */ = {
			isa = XCBuildConfiguration;
			baseConfigurationReference = 94CC219A47CC6B5F0E317C05 /* Pods-Music.release.xcconfig */;
			buildSettings = {
				ASSETCATALOG_COMPILER_APPICON_NAME = AppIcon;
				ASSETCATALOG_COMPILER_GLOBAL_ACCENT_COLOR_NAME = AccentColor;
				CODE_SIGN_STYLE = Automatic;
				DEVELOPMENT_TEAM = BPVMHP7QWP;
				INFOPLIST_FILE = Music/Info.plist;
				IPHONEOS_DEPLOYMENT_TARGET = 13.0;
				LD_RUNPATH_SEARCH_PATHS = (
					"$(inherited)",
					"@executable_path/Frameworks",
				);
				PRODUCT_BUNDLE_IDENTIFIER = ivan.Music;
				PRODUCT_NAME = "$(TARGET_NAME)";
				SWIFT_VERSION = 5.0;
				TARGETED_DEVICE_FAMILY = 1;
			};
			name = Release;
		};
/* End XCBuildConfiguration section */

/* Begin XCConfigurationList section */
		2C68B0A8258BDACB00DC255C /* Build configuration list for PBXProject "Music" */ = {
			isa = XCConfigurationList;
			buildConfigurations = (
				2C68B0BF258BDACE00DC255C /* Debug */,
				2C68B0C0258BDACE00DC255C /* Release */,
			);
			defaultConfigurationIsVisible = 0;
			defaultConfigurationName = Release;
		};
		2C68B0C1258BDACE00DC255C /* Build configuration list for PBXNativeTarget "Music" */ = {
			isa = XCConfigurationList;
			buildConfigurations = (
				2C68B0C2258BDACE00DC255C /* Debug */,
				2C68B0C3258BDACE00DC255C /* Release */,
			);
			defaultConfigurationIsVisible = 0;
			defaultConfigurationName = Release;
		};
/* End XCConfigurationList section */
	};
	rootObject = 2C68B0A5258BDACB00DC255C /* Project object */;
}
